
Microsoft Visual Studio Solution File, Format Version 12.00
# Visual Studio Version 17
VisualStudioVersion = 17.1.32228.430
MinimumVisualStudioVersion = 10.0.40219.1
Project("{9A19103F-16F7-4668-BE54-9A1E7A4F7556}") = "eBooks", "eBooks\eBooks.csproj", "{1901A071-84D0-4B77-9AF7-6D5097F5E389}"
EndProject
Project("{9A19103F-16F7-4668-BE54-9A1E7A4F7556}") = "eBooks.DataAccess", "eBooks.DataAccess\eBooks.DataAccess.csproj", "{E7D038BE-6611-4103-B16D-EADCD36459E6}"
EndProject
Project("{9A19103F-16F7-4668-BE54-9A1E7A4F7556}") = "eBooks.Models", "eBooks.Models\eBooks.Models.csproj", "{1BAC6D77-1A8C-4F9A-8F6A-231E073F1BE7}"
EndProject
Project("{9A19103F-16F7-4668-BE54-9A1E7A4F7556}") = "eBooks.Utility", "eBooks.Utility\eBooks.Utility.csproj", "{445FF22A-47AF-4CE8-855E-1B09947671F7}"
EndProject
Project("{FAE04EC0-301F-11D3-BF4B-00C04F79EFBC}") = "UnitTests", "UnitTests\UnitTests.csproj", "{74C3386E-7F8B-4E35-A2AA-1C3709AA08C9}"
EndProject
Global
	GlobalSection(SolutionConfigurationPlatforms) = preSolution
		Debug|Any CPU = Debug|Any CPU
		Release|Any CPU = Release|Any CPU
	EndGlobalSection
	GlobalSection(ProjectConfigurationPlatforms) = postSolution
		{1901A071-84D0-4B77-9AF7-6D5097F5E389}.Debug|Any CPU.ActiveCfg = Debug|Any CPU
		{1901A071-84D0-4B77-9AF7-6D5097F5E389}.Debug|Any CPU.Build.0 = Debug|Any CPU
		{1901A071-84D0-4B77-9AF7-6D5097F5E389}.Release|Any CPU.ActiveCfg = Release|Any CPU
		{1901A071-84D0-4B77-9AF7-6D5097F5E389}.Release|Any CPU.Build.0 = Release|Any CPU
		{E7D038BE-6611-4103-B16D-EADCD36459E6}.Debug|Any CPU.ActiveCfg = Debug|Any CPU
		{E7D038BE-6611-4103-B16D-EADCD36459E6}.Debug|Any CPU.Build.0 = Debug|Any CPU
		{E7D038BE-6611-4103-B16D-EADCD36459E6}.Release|Any CPU.ActiveCfg = Release|Any CPU
		{E7D038BE-6611-4103-B16D-EADCD36459E6}.Release|Any CPU.Build.0 = Release|Any CPU
		{1BAC6D77-1A8C-4F9A-8F6A-231E073F1BE7}.Debug|Any CPU.ActiveCfg = Debug|Any CPU
		{1BAC6D77-1A8C-4F9A-8F6A-231E073F1BE7}.Debug|Any CPU.Build.0 = Debug|Any CPU
		{1BAC6D77-1A8C-4F9A-8F6A-231E073F1BE7}.Release|Any CPU.ActiveCfg = Release|Any CPU
		{1BAC6D77-1A8C-4F9A-8F6A-231E073F1BE7}.Release|Any CPU.Build.0 = Release|Any CPU
		{445FF22A-47AF-4CE8-855E-1B09947671F7}.Debug|Any CPU.ActiveCfg = Debug|Any CPU
		{445FF22A-47AF-4CE8-855E-1B09947671F7}.Debug|Any CPU.Build.0 = Debug|Any CPU
		{445FF22A-47AF-4CE8-855E-1B09947671F7}.Release|Any CPU.ActiveCfg = Release|Any CPU
		{445FF22A-47AF-4CE8-855E-1B09947671F7}.Release|Any CPU.Build.0 = Release|Any CPU
		{74C3386E-7F8B-4E35-A2AA-1C3709AA08C9}.Debug|Any CPU.ActiveCfg = Debug|Any CPU
		{74C3386E-7F8B-4E35-A2AA-1C3709AA08C9}.Debug|Any CPU.Build.0 = Debug|Any CPU
		{74C3386E-7F8B-4E35-A2AA-1C3709AA08C9}.Release|Any CPU.ActiveCfg = Release|Any CPU
		{74C3386E-7F8B-4E35-A2AA-1C3709AA08C9}.Release|Any CPU.Build.0 = Release|Any CPU
	EndGlobalSection
	GlobalSection(SolutionProperties) = preSolution
		HideSolutionNode = FALSE
	EndGlobalSection
	GlobalSection(ExtensibilityGlobals) = postSolution
		SolutionGuid = {06739112-55CF-4B26-90A0-4EC695B7D48C}
	EndGlobalSection
EndGlobal
